// !$*UTF8*$!
{
	archiveVersion = 1;
	classes = {
	};
	objectVersion = 50;
	objects = {

/* Begin PBXBuildFile section */
		052177A42269F2BC00D5CA51 /* AppDelegate.swift in Sources */ = {isa = PBXBuildFile; fileRef = 052177A32269F2BC00D5CA51 /* AppDelegate.swift */; };
		052177A62269F2BC00D5CA51 /* ViewController.swift in Sources */ = {isa = PBXBuildFile; fileRef = 052177A52269F2BC00D5CA51 /* ViewController.swift */; };
		052177A92269F2BC00D5CA51 /* Main.storyboard in Resources */ = {isa = PBXBuildFile; fileRef = 052177A72269F2BC00D5CA51 /* Main.storyboard */; };
		052177AE2269F2BF00D5CA51 /* LaunchScreen.storyboard in Resources */ = {isa = PBXBuildFile; fileRef = 052177AC2269F2BF00D5CA51 /* LaunchScreen.storyboard */; };
		052177B62269F5B400D5CA51 /* kid.pkpass in Resources */ = {isa = PBXBuildFile; fileRef = 052177B52269F5B200D5CA51 /* kid.pkpass */; };
/* End PBXBuildFile section */

/* Begin PBXFileReference section */
		052177A02269F2BC00D5CA51 /* PassKit Example.app */ = {isa = PBXFileReference; explicitFileType = wrapper.application; includeInIndex = 0; path = "PassKit Example.app"; sourceTree = BUILT_PRODUCTS_DIR; };
		052177A32269F2BC00D5CA51 /* AppDelegate.swift */ = {isa = PBXFileReference; lastKnownFileType = sourcecode.swift; path = AppDelegate.swift; sourceTree = "<group>"; };
		052177A52269F2BC00D5CA51 /* ViewController.swift */ = {isa = PBXFileReference; lastKnownFileType = sourcecode.swift; path = ViewController.swift; sourceTree = "<group>"; };
		052177A82269F2BC00D5CA51 /* Base */ = {isa = PBXFileReference; lastKnownFileType = file.storyboard; name = Base; path = Base.lproj/Main.storyboard; sourceTree = "<group>"; };
		052177AD2269F2BF00D5CA51 /* Base */ = {isa = PBXFileReference; lastKnownFileType = file.storyboard; name = Base; path = Base.lproj/LaunchScreen.storyboard; sourceTree = "<group>"; };
		052177AF2269F2BF00D5CA51 /* Info.plist */ = {isa = PBXFileReference; lastKnownFileType = text.plist.xml; path = Info.plist; sourceTree = "<group>"; };
		052177B52269F5B200D5CA51 /* kid.pkpass */ = {isa = PBXFileReference; lastKnownFileType = file; path = kid.pkpass; sourceTree = "<group>"; };
/* End PBXFileReference section */

/* Begin PBXFrameworksBuildPhase section */
		0521779D2269F2BC00D5CA51 /* Frameworks */ = {
			isa = PBXFrameworksBuildPhase;
			buildActionMask = 2147483647;
			files = (
			);
			runOnlyForDeploymentPostprocessing = 0;
		};
/* End PBXFrameworksBuildPhase section */

/* Begin PBXGroup section */
		052177972269F2BC00D5CA51 = {
			isa = PBXGroup;
			children = (
				052177A22269F2BC00D5CA51 /* PassKit Example */,
				052177A12269F2BC00D5CA51 /* Products */,
			);
			sourceTree = "<group>";
		};
		052177A12269F2BC00D5CA51 /* Products */ = {
			isa = PBXGroup;
			children = (
				052177A02269F2BC00D5CA51 /* PassKit Example.app */,
			);
			name = Products;
			sourceTree = "<group>";
		};
		052177A22269F2BC00D5CA51 /* PassKit Example */ = {
			isa = PBXGroup;
			children = (
				052177B92269F74300D5CA51 /* Controller */,
				052177B82269F71400D5CA51 /* Resource */,
				052177B72269F70B00D5CA51 /* View */,
				052177AF2269F2BF00D5CA51 /* Info.plist */,
			);
			path = "PassKit Example";
			sourceTree = "<group>";
		};
		052177B72269F70B00D5CA51 /* View */ = {
			isa = PBXGroup;
			children = (
				052177A72269F2BC00D5CA51 /* Main.storyboard */,
				052177AC2269F2BF00D5CA51 /* LaunchScreen.storyboard */,
			);
			path = View;
			sourceTree = "<group>";
		};
		052177B82269F71400D5CA51 /* Resource */ = {
			isa = PBXGroup;
			children = (
				052177B52269F5B200D5CA51 /* kid.pkpass */,
			);
			path = Resource;
			sourceTree = "<group>";
		};
		052177B92269F74300D5CA51 /* Controller */ = {
			isa = PBXGroup;
			children = (
				052177A32269F2BC00D5CA51 /* AppDelegate.swift */,
				052177A52269F2BC00D5CA51 /* ViewController.swift */,
			);
			path = Controller;
			sourceTree = "<group>";
		};
/* End PBXGroup section */

/* Begin PBXNativeTarget section */
		0521779F2269F2BC00D5CA51 /* PassKit Example */ = {
			isa = PBXNativeTarget;
			buildConfigurationList = 052177B22269F2BF00D5CA51 /* Build configuration list for PBXNativeTarget "PassKit Example" */;
			buildPhases = (
				0521779C2269F2BC00D5CA51 /* Sources */,
				0521779D2269F2BC00D5CA51 /* Frameworks */,
				0521779E2269F2BC00D5CA51 /* Resources */,
			);
			buildRules = (
			);
			dependencies = (
			);
			name = "PassKit Example";
			productName = "PassKit Example";
			productReference = 052177A02269F2BC00D5CA51 /* PassKit Example.app */;
			productType = "com.apple.product-type.application";
		};
/* End PBXNativeTarget section */

/* Begin PBXProject section */
		052177982269F2BC00D5CA51 /* Project object */ = {
			isa = PBXProject;
			attributes = {
				LastSwiftUpdateCheck = 1020;
				LastUpgradeCheck = 1020;
				ORGANIZATIONNAME = "Devansh Vyas";
				TargetAttributes = {
					0521779F2269F2BC00D5CA51 = {
						CreatedOnToolsVersion = 10.2.1;
					};
				};
			};
			buildConfigurationList = 0521779B2269F2BC00D5CA51 /* Build configuration list for PBXProject "PassKit Example" */;
			compatibilityVersion = "Xcode 9.3";
			developmentRegion = en;
			hasScannedForEncodings = 0;
			knownRegions = (
				en,
				Base,
			);
			mainGroup = 052177972269F2BC00D5CA51;
			productRefGroup = 052177A12269F2BC00D5CA51 /* Products */;
			projectDirPath = "";
			projectRoot = "";
			targets = (
				0521779F2269F2BC00D5CA51 /* PassKit Example */,
			);
		};
/* End PBXProject section */

/* Begin PBXResourcesBuildPhase section */
		0521779E2269F2BC00D5CA51 /* Resources */ = {
			isa = PBXResourcesBuildPhase;
			buildActionMask = 2147483647;
			files = (
				052177B62269F5B400D5CA51 /* kid.pkpass in Resources */,
				052177AE2269F2BF00D5CA51 /* LaunchScreen.storyboard in Resources */,
				052177A92269F2BC00D5CA51 /* Main.storyboard in Resources */,
			);
			runOnlyForDeploymentPostprocessing = 0;
		};
/* End PBXResourcesBuildPhase section */

/* Begin PBXSourcesBuildPhase section */
		0521779C2269F2BC00D5CA51 /* Sources */ = {
			isa = PBXSourcesBuildPhase;
			buildActionMask = 2147483647;
			files = (
				052177A62269F2BC00D5CA51 /* ViewController.swift in Sources */,
				052177A42269F2BC00D5CA51 /* AppDelegate.swift in Sources */,
			);
			runOnlyForDeploymentPostprocessing = 0;
		};
/* End PBXSourcesBuildPhase section */

/* Begin PBXVariantGroup section */
		052177A72269F2BC00D5CA51 /* Main.storyboard */ = {
			isa = PBXVariantGroup;
			children = (
				052177A82269F2BC00D5CA51 /* Base */,
			);
			name = Main.storyboard;
			sourceTree = "<group>";
		};
		052177AC2269F2BF00D5CA51 /* LaunchScreen.storyboard */ = {
			isa = PBXVariantGroup;
			children = (
				052177AD2269F2BF00D5CA51 /* Base */,
			);
			name = LaunchScreen.storyboard;
			sourceTree = "<group>";
		};
/* End PBXVariantGroup section */

/* Begin XCBuildConfiguration section */
		052177B02269F2BF00D5CA51 /* Debug */ = {
			isa = XCBuildConfiguration;
			buildSettings = {
				ALWAYS_SEARCH_USER_PATHS = NO;
				CLANG_ANALYZER_NONNULL = YES;
				CLANG_ANALYZER_NUMBER_OBJECT_CONVERSION = YES_AGGRESSIVE;
				CLANG_CXX_LANGUAGE_STANDARD = "gnu++14";
				CLANG_CXX_LIBRARY = "libc++";
				CLANG_ENABLE_MODULES = YES;
				CLANG_ENABLE_OBJC_ARC = YES;
				CLANG_ENABLE_OBJC_WEAK = YES;
				CLANG_WARN_BLOCK_CAPTURE_AUTORELEASING = YES;
				CLANG_WARN_BOOL_CONVERSION = YES;
				CLANG_WARN_COMMA = YES;
				CLANG_WARN_CONSTANT_CONVERSION = YES;
				CLANG_WARN_DEPRECATED_OBJC_IMPLEMENTATIONS = YES;
				CLANG_WARN_DIRECT_OBJC_ISA_USAGE = YES_ERROR;
				CLANG_WARN_DOCUMENTATION_COMMENTS = YES;
				CLANG_WARN_EMPTY_BODY = YES;
				CLANG_WARN_ENUM_CONVERSION = YES;
				CLANG_WARN_INFINITE_RECURSION = YES;
				CLANG_WARN_INT_CONVERSION = YES;
				CLANG_WARN_NON_LITERAL_NULL_CONVERSION = YES;
				CLANG_WARN_OBJC_IMPLICIT_RETAIN_SELF = YES;
				CLANG_WARN_OBJC_LITERAL_CONVERSION = YES;
				CLANG_WARN_OBJC_ROOT_CLASS = YES_ERROR;
				CLANG_WARN_RANGE_LOOP_ANALYSIS = YES;
				CLANG_WARN_STRICT_PROTOTYPES = YES;
				CLANG_WARN_SUSPICIOUS_MOVE = YES;
				CLANG_WARN_UNGUARDED_AVAILABILITY = YES_AGGRESSIVE;
				CLANG_WARN_UNREACHABLE_CODE = YES;
				CLANG_WARN__DUPLICATE_METHOD_MATCH = YES;
				CODE_SIGN_IDENTITY = "iPhone Developer";
				COPY_PHASE_STRIP = NO;
				DEBUG_INFORMATION_FORMAT = dwarf;
				ENABLE_STRICT_OBJC_MSGSEND = YES;
				ENABLE_TESTABILITY = YES;
				GCC_C_LANGUAGE_STANDARD = gnu11;
				GCC_DYNAMIC_NO_PIC = NO;
				GCC_NO_COMMON_BLOCKS = YES;
				GCC_OPTIMIZATION_LEVEL = 0;
				GCC_PREPROCESSOR_DEFINITIONS = (
					"DEBUG=1",
					"$(inherited)",
				);
				GCC_WARN_64_TO_32_BIT_CONVERSION = YES;
				GCC_WARN_ABOUT_RETURN_TYPE = YES_ERROR;
				GCC_WARN_UNDECLARED_SELECTOR = YES;
				GCC_WARN_UNINITIALIZED_AUTOS = YES_AGGRESSIVE;
				GCC_WARN_UNUSED_FUNCTION = YES;
				GCC_WARN_UNUSED_VARIABLE = YES;
				IPHONEOS_DEPLOYMENT_TARGET = 12.2;
				MTL_ENABLE_DEBUG_INFO = INCLUDE_SOURCE;
				MTL_FAST_MATH = YES;
				ONLY_ACTIVE_ARCH = YES;
				SDKROOT = iphoneos;
				SWIFT_ACTIVE_COMPILATION_CONDITIONS = DEBUG;
				SWIFT_OPTIMIZATION_LEVEL = "-Onone";
			};
			name = Debug;
		};
		052177B12269F2BF00D5CA51 /* Release */ = {
			isa = XCBuildConfiguration;
			buildSettings = {
				ALWAYS_SEARCH_USER_PATHS = NO;
				CLANG_ANALYZER_NONNULL = YES;
				CLANG_ANALYZER_NUMBER_OBJECT_CONVERSION = YES_AGGRESSIVE;
				CLANG_CXX_LANGUAGE_STANDARD = "gnu++14";
				CLANG_CXX_LIBRARY = "libc++";
				CLANG_ENABLE_MODULES = YES;
				CLANG_ENABLE_OBJC_ARC = YES;
				CLANG_ENABLE_OBJC_WEAK = YES;
				CLANG_WARN_BLOCK_CAPTURE_AUTORELEASING = YES;
				CLANG_WARN_BOOL_CONVERSION = YES;
				CLANG_WARN_COMMA = YES;
				CLANG_WARN_CONSTANT_CONVERSION = YES;
				CLANG_WARN_DEPRECATED_OBJC_IMPLEMENTATIONS = YES;
				CLANG_WARN_DIRECT_OBJC_ISA_USAGE = YES_ERROR;
				CLANG_WARN_DOCUMENTATION_COMMENTS = YES;
				CLANG_WARN_EMPTY_BODY = YES;
				CLANG_WARN_ENUM_CONVERSION = YES;
				CLANG_WARN_INFINITE_RECURSION = YES;
				CLANG_WARN_INT_CONVERSION = YES;
				CLANG_WARN_NON_LITERAL_NULL_CONVERSION = YES;
				CLANG_WARN_OBJC_IMPLICIT_RETAIN_SELF = YES;
				CLANG_WARN_OBJC_LITERAL_CONVERSION = YES;
				CLANG_WARN_OBJC_ROOT_CLASS = YES_ERROR;
				CLANG_WARN_RANGE_LOOP_ANALYSIS = YES;
				CLANG_WARN_STRICT_PROTOTYPES = YES;
				CLANG_WARN_SUSPICIOUS_MOVE = YES;
				CLANG_WARN_UNGUARDED_AVAILABILITY = YES_AGGRESSIVE;
				CLANG_WARN_UNREACHABLE_CODE = YES;
				CLANG_WARN__DUPLICATE_METHOD_MATCH = YES;
				CODE_SIGN_IDENTITY = "iPhone Developer";
				COPY_PHASE_STRIP = NO;
				DEBUG_INFORMATION_FORMAT = "dwarf-with-dsym";
				ENABLE_NS_ASSERTIONS = NO;
				ENABLE_STRICT_OBJC_MSGSEND = YES;
				GCC_C_LANGUAGE_STANDARD = gnu11;
				GCC_NO_COMMON_BLOCKS = YES;
				GCC_WARN_64_TO_32_BIT_CONVERSION = YES;
				GCC_WARN_ABOUT_RETURN_TYPE = YES_ERROR;
				GCC_WARN_UNDECLARED_SELECTOR = YES;
				GCC_WARN_UNINITIALIZED_AUTOS = YES_AGGRESSIVE;
				GCC_WARN_UNUSED_FUNCTION = YES;
				GCC_WARN_UNUSED_VARIABLE = YES;
				IPHONEOS_DEPLOYMENT_TARGET = 12.2;
				MTL_ENABLE_DEBUG_INFO = NO;
				MTL_FAST_MATH = YES;
				SDKROOT = iphoneos;
				SWIFT_COMPILATION_MODE = wholemodule;
				SWIFT_OPTIMIZATION_LEVEL = "-O";
				VALIDATE_PRODUCT = YES;
			};
			name = Release;
		};
		052177B32269F2BF00D5CA51 /* Debug */ = {
			isa = XCBuildConfiguration;
			buildSettings = {
				ASSETCATALOG_COMPILER_APPICON_NAME = AppIcon;
				CODE_SIGN_STYLE = Manual;
				DEVELOPMENT_TEAM = "";
				INFOPLIST_FILE = "PassKit Example/Info.plist";
				LD_RUNPATH_SEARCH_PATHS = (
					"$(inherited)",
					"@executable_path/Frameworks",
				);
				PRODUCT_BUNDLE_IDENTIFIER = "com.solutionanalysts.PassKit-Example";
				PRODUCT_NAME = "$(TARGET_NAME)";
				PROVISIONING_PROFILE_SPECIFIER = "";
				SWIFT_VERSION = 5.0;
				TARGETED_DEVICE_FAMILY = "1,2";
			};
			name = Debug;
		};
		052177B42269F2BF00D5CA51 /* Release */ = {
			isa = XCBuildConfiguration;
			buildSettings = {
				ASSETCATALOG_COMPILER_APPICON_NAME = AppIcon;
				CODE_SIGN_STYLE = Manual;
				DEVELOPMENT_TEAM = "";
				INFOPLIST_FILE = "PassKit Example/Info.plist";
				LD_RUNPATH_SEARCH_PATHS = (
					"$(inherited)",
					"@executable_path/Frameworks",
				);
				PRODUCT_BUNDLE_IDENTIFIER = "com.solutionanalysts.PassKit-Example";
				PRODUCT_NAME = "$(TARGET_NAME)";
				PROVISIONING_PROFILE_SPECIFIER = "";
				SWIFT_VERSION = 5.0;
				TARGETED_DEVICE_FAMILY = "1,2";
			};
			name = Release;
		};
/* End XCBuildConfiguration section */

/* Begin XCConfigurationList section */
		0521779B2269F2BC00D5CA51 /* Build configuration list for PBXProject "PassKit Example" */ = {
			isa = XCConfigurationList;
			buildConfigurations = (
				052177B02269F2BF00D5CA51 /* Debug */,
				052177B12269F2BF00D5CA51 /* Release */,
			);
			defaultConfigurationIsVisible = 0;
			defaultConfigurationName = Release;
		};
		052177B22269F2BF00D5CA51 /* Build configuration list for PBXNativeTarget "PassKit Example" */ = {
			isa = XCConfigurationList;
			buildConfigurations = (
				052177B32269F2BF00D5CA51 /* Debug */,
				052177B42269F2BF00D5CA51 /* Release */,
			);
			defaultConfigurationIsVisible = 0;
			defaultConfigurationName = Release;
		};
/* End XCConfigurationList section */
	};
	rootObject = 052177982269F2BC00D5CA51 /* Project object */;
}
